
Microsoft Visual Studio Solution File, Format Version 12.00
# Visual Studio Version 16
VisualStudioVersion = 16.0.30611.23
MinimumVisualStudioVersion = 10.0.40219.1
Project("{FAE04EC0-301F-11D3-BF4B-00C04F79EFBC}") = "AppleOs", "AppleOs.csproj", "{47871747-37A7-421D-AE13-5A846C806A82}"
EndProject
Global
	GlobalSection(SolutionConfigurationPlatforms) = preSolution
		Debug|Any CPU = Debug|Any CPU
		Release|Any CPU = Release|Any CPU
	EndGlobalSection
	GlobalSection(ProjectConfigurationPlatforms) = postSolution
		{47871747-37A7-421D-AE13-5A846C806A82}.Debug|Any CPU.ActiveCfg = Debug|Any CPU
		{47871747-37A7-421D-AE13-5A846C806A82}.Debug|Any CPU.Build.0 = Debug|Any CPU
		{47871747-37A7-421D-AE13-5A846C806A82}.Release|Any CPU.ActiveCfg = Release|Any CPU
		{47871747-37A7-421D-AE13-5A846C806A82}.Release|Any CPU.Build.0 = Release|Any CPU
	EndGlobalSection
	GlobalSection(SolutionProperties) = preSolution
		HideSolutionNode = FALSE
	EndGlobalSection
	GlobalSection(ExtensibilityGlobals) = postSolution
		SolutionGuid = {95677F93-8E4D-43BC-8AC2-415393FF9F09}
	EndGlobalSection
EndGlobal
